
Microsoft Visual Studio Solution File, Format Version 12.00
# Visual Studio Version 17
VisualStudioVersion = 17.4.33213.308
MinimumVisualStudioVersion = 10.0.40219.1
Project("{FAE04EC0-301F-11D3-BF4B-00C04F79EFBC}") = "BookStore_MinimalAPIs", "BookStore_MinimalAPIs.csproj", "{ADA3233F-9420-41E8-BEEB-AC3BAC98B9C4}"
EndProject
Global
	GlobalSection(SolutionConfigurationPlatforms) = preSolution
		Debug|Any CPU = Debug|Any CPU
		Release|Any CPU = Release|Any CPU
	EndGlobalSection
	GlobalSection(ProjectConfigurationPlatforms) = postSolution
		{ADA3233F-9420-41E8-BEEB-AC3BAC98B9C4}.Debug|Any CPU.ActiveCfg = Debug|Any CPU
		{ADA3233F-9420-41E8-BEEB-AC3BAC98B9C4}.Debug|Any CPU.Build.0 = Debug|Any CPU
		{ADA3233F-9420-41E8-BEEB-AC3BAC98B9C4}.Release|Any CPU.ActiveCfg = Release|Any CPU
		{ADA3233F-9420-41E8-BEEB-AC3BAC98B9C4}.Release|Any CPU.Build.0 = Release|Any CPU
	EndGlobalSection
	GlobalSection(SolutionProperties) = preSolution
		HideSolutionNode = FALSE
	EndGlobalSection
	GlobalSection(ExtensibilityGlobals) = postSolution
		SolutionGuid = {EB4C9BF0-D723-4B8E-903E-7409F2582CAA}
	EndGlobalSection
EndGlobal
